
Microsoft Visual Studio Solution File, Format Version 12.00
# Visual Studio Version 17
VisualStudioVersion = 17.13.35825.156
MinimumVisualStudioVersion = 10.0.40219.1
Project("{FAE04EC0-301F-11D3-BF4B-00C04F79EFBC}") = "FamilyStudio2a", "FamilyStudio1\FamilyStudio2a.csproj", "{6A1F7EFF-33AF-EAF0-40B9-9A82C757890C}"
	ProjectSection(ProjectDependencies) = postProject
		{23AAC4C9-53F3-4E80-9A45-19CABED3F7FA} = {23AAC4C9-53F3-4E80-9A45-19CABED3F7FA}
		{27DA93BC-2FE0-45CF-A69D-C30662FBAE13} = {27DA93BC-2FE0-45CF-A69D-C30662FBAE13}
		{27F035D7-3604-46A1-ACAB-FFF1BEB37315} = {27F035D7-3604-46A1-ACAB-FFF1BEB37315}
		{39B21CC8-5541-4226-A458-C99D8CA25539} = {39B21CC8-5541-4226-A458-C99D8CA25539}
		{4411D6E4-243D-4CB2-BB25-89A4449DECD1} = {4411D6E4-243D-4CB2-BB25-89A4449DECD1}
		{728DDF5D-B15E-4B9E-BFE8-EA7C8BA85F2C} = {728DDF5D-B15E-4B9E-BFE8-EA7C8BA85F2C}
		{9710BBFE-1CF6-4657-B6C9-64937AA624B0} = {9710BBFE-1CF6-4657-B6C9-64937AA624B0}
	EndProjectSection
EndProject
Project("{FAE04EC0-301F-11D3-BF4B-00C04F79EFBC}") = "FamilyStudio2", "FamilyStudio1\FamilyStudio2.csproj", "{FA4A13F5-5D65-4F31-A56A-8F46D6184538}"
EndProject
Project("{FAE04EC0-301F-11D3-BF4B-00C04F79EFBC}") = "FamilyStudioData", "FamilyStudioData\FamilyStudioData.csproj", "{911D2075-8F1C-43DF-9892-E71D139E4259}"
EndProject
Project("{FAE04EC0-301F-11D3-BF4B-00C04F79EFBC}") = "AnarkivCodec", "FileFormats\AnarkivCodec\AnarkivCodec.csproj", "{728DDF5D-B15E-4B9E-BFE8-EA7C8BA85F2C}"
EndProject
Project("{FAE04EC0-301F-11D3-BF4B-00C04F79EFBC}") = "GedcomCodec", "FileFormats\GedcomCodec\GedcomCodec.csproj", "{27F035D7-3604-46A1-ACAB-FFF1BEB37315}"
EndProject
Project("{FAE04EC0-301F-11D3-BF4B-00C04F79EFBC}") = "GeniCodec", "FileFormats\GeniCodec\GeniCodec.csproj", "{39B21CC8-5541-4226-A458-C99D8CA25539}"
EndProject
Project("{FAE04EC0-301F-11D3-BF4B-00C04F79EFBC}") = "FamilyStudioFormsGui", "FamilyStudioFormsGui\FamilyStudioFormsGui.csproj", "{94FFC2A3-7686-4E99-87B4-98535F20C02C}"
EndProject
Project("{FAE04EC0-301F-11D3-BF4B-00C04F79EFBC}") = "FamilyStudioConfiguration", "FamilyStudioConfiguration\FamilyStudioConfiguration.csproj", "{4411D6E4-243D-4CB2-BB25-89A4449DECD1}"
EndProject
Project("{FAE04EC0-301F-11D3-BF4B-00C04F79EFBC}") = "MyHeritageCodec", "FileFormats\MyHeritageCodec\MyHeritageCodec.csproj", "{23AAC4C9-53F3-4E80-9A45-19CABED3F7FA}"
EndProject
Project("{FAE04EC0-301F-11D3-BF4B-00C04F79EFBC}") = "TextCodec", "FileFormats\TextCodec\TextCodec.csproj", "{9710BBFE-1CF6-4657-B6C9-64937AA624B0}"
EndProject
Project("{FAE04EC0-301F-11D3-BF4B-00C04F79EFBC}") = "FamilyStudioWebBrowser", "FamilyStudioWebBrowser\FamilyStudioWebBrowser.csproj", "{27DA93BC-2FE0-45CF-A69D-C30662FBAE13}"
EndProject
Project("{2150E333-8FDC-42A3-9474-1A3956D46DE8}") = "Solution Items", "Solution Items", "{4A69CAB5-6203-441A-963C-66F28150F7A2}"
	ProjectSection(SolutionItems) = preProject
		Directory.Build.props = Directory.Build.props
		Directory.Packages.props = Directory.Packages.props
		LICENSE = LICENSE
		README.md = README.md
	EndProjectSection
EndProject
Global
	GlobalSection(SolutionConfigurationPlatforms) = preSolution
		Debug|Any CPU = Debug|Any CPU
		Debug|Mixed Platforms = Debug|Mixed Platforms
		Debug|x86 = Debug|x86
		Release|Any CPU = Release|Any CPU
		Release|Mixed Platforms = Release|Mixed Platforms
		Release|x86 = Release|x86
		SingleImage|Any CPU = SingleImage|Any CPU
		SingleImage|Mixed Platforms = SingleImage|Mixed Platforms
		SingleImage|x86 = SingleImage|x86
	EndGlobalSection
	GlobalSection(ProjectConfigurationPlatforms) = postSolution
		{6A1F7EFF-33AF-EAF0-40B9-9A82C757890C}.Debug|Any CPU.ActiveCfg = Debug|Any CPU
		{6A1F7EFF-33AF-EAF0-40B9-9A82C757890C}.Debug|Any CPU.Build.0 = Debug|Any CPU
		{6A1F7EFF-33AF-EAF0-40B9-9A82C757890C}.Debug|Mixed Platforms.ActiveCfg = Debug|Any CPU
		{6A1F7EFF-33AF-EAF0-40B9-9A82C757890C}.Debug|Mixed Platforms.Build.0 = Debug|Any CPU
		{6A1F7EFF-33AF-EAF0-40B9-9A82C757890C}.Debug|x86.ActiveCfg = Debug|Any CPU
		{6A1F7EFF-33AF-EAF0-40B9-9A82C757890C}.Debug|x86.Build.0 = Debug|Any CPU
		{6A1F7EFF-33AF-EAF0-40B9-9A82C757890C}.Release|Any CPU.ActiveCfg = Release|Any CPU
		{6A1F7EFF-33AF-EAF0-40B9-9A82C757890C}.Release|Any CPU.Build.0 = Release|Any CPU
		{6A1F7EFF-33AF-EAF0-40B9-9A82C757890C}.Release|Mixed Platforms.ActiveCfg = Release|Any CPU
		{6A1F7EFF-33AF-EAF0-40B9-9A82C757890C}.Release|Mixed Platforms.Build.0 = Release|Any CPU
		{6A1F7EFF-33AF-EAF0-40B9-9A82C757890C}.Release|x86.ActiveCfg = Release|Any CPU
		{6A1F7EFF-33AF-EAF0-40B9-9A82C757890C}.Release|x86.Build.0 = Release|Any CPU
		{6A1F7EFF-33AF-EAF0-40B9-9A82C757890C}.SingleImage|Any CPU.ActiveCfg = Release|Any CPU
		{6A1F7EFF-33AF-EAF0-40B9-9A82C757890C}.SingleImage|Any CPU.Build.0 = Release|Any CPU
		{6A1F7EFF-33AF-EAF0-40B9-9A82C757890C}.SingleImage|Mixed Platforms.ActiveCfg = Release|Any CPU
		{6A1F7EFF-33AF-EAF0-40B9-9A82C757890C}.SingleImage|Mixed Platforms.Build.0 = Release|Any CPU
		{6A1F7EFF-33AF-EAF0-40B9-9A82C757890C}.SingleImage|x86.ActiveCfg = Release|Any CPU
		{6A1F7EFF-33AF-EAF0-40B9-9A82C757890C}.SingleImage|x86.Build.0 = Release|Any CPU
		{FA4A13F5-5D65-4F31-A56A-8F46D6184538}.Debug|Any CPU.ActiveCfg = Debug|x86
		{FA4A13F5-5D65-4F31-A56A-8F46D6184538}.Debug|Any CPU.Build.0 = Debug|x86
		{FA4A13F5-5D65-4F31-A56A-8F46D6184538}.Debug|Mixed Platforms.ActiveCfg = Debug|x86
		{FA4A13F5-5D65-4F31-A56A-8F46D6184538}.Debug|Mixed Platforms.Build.0 = Debug|x86
		{FA4A13F5-5D65-4F31-A56A-8F46D6184538}.Debug|x86.ActiveCfg = Debug|x86
		{FA4A13F5-5D65-4F31-A56A-8F46D6184538}.Debug|x86.Build.0 = Debug|x86
		{FA4A13F5-5D65-4F31-A56A-8F46D6184538}.Release|Any CPU.ActiveCfg = Release|x86
		{FA4A13F5-5D65-4F31-A56A-8F46D6184538}.Release|Mixed Platforms.ActiveCfg = Release|x86
		{FA4A13F5-5D65-4F31-A56A-8F46D6184538}.Release|Mixed Platforms.Build.0 = Release|x86
		{FA4A13F5-5D65-4F31-A56A-8F46D6184538}.Release|x86.ActiveCfg = Release|x86
		{FA4A13F5-5D65-4F31-A56A-8F46D6184538}.Release|x86.Build.0 = Release|x86
		{FA4A13F5-5D65-4F31-A56A-8F46D6184538}.SingleImage|Any CPU.ActiveCfg = Release|x86
		{FA4A13F5-5D65-4F31-A56A-8F46D6184538}.SingleImage|Mixed Platforms.ActiveCfg = Release|x86
		{FA4A13F5-5D65-4F31-A56A-8F46D6184538}.SingleImage|Mixed Platforms.Build.0 = Release|x86
		{FA4A13F5-5D65-4F31-A56A-8F46D6184538}.SingleImage|x86.ActiveCfg = Release|x86
		{FA4A13F5-5D65-4F31-A56A-8F46D6184538}.SingleImage|x86.Build.0 = Release|x86
		{911D2075-8F1C-43DF-9892-E71D139E4259}.Debug|Any CPU.ActiveCfg = Debug|Any CPU
		{911D2075-8F1C-43DF-9892-E71D139E4259}.Debug|Any CPU.Build.0 = Debug|Any CPU
		{911D2075-8F1C-43DF-9892-E71D139E4259}.Debug|Mixed Platforms.ActiveCfg = Debug|Any CPU
		{911D2075-8F1C-43DF-9892-E71D139E4259}.Debug|Mixed Platforms.Build.0 = Debug|Any CPU
		{911D2075-8F1C-43DF-9892-E71D139E4259}.Debug|x86.ActiveCfg = Debug|Any CPU
		{911D2075-8F1C-43DF-9892-E71D139E4259}.Release|Any CPU.ActiveCfg = Release|Any CPU
		{911D2075-8F1C-43DF-9892-E71D139E4259}.Release|Any CPU.Build.0 = Release|Any CPU
		{911D2075-8F1C-43DF-9892-E71D139E4259}.Release|Mixed Platforms.ActiveCfg = Release|Any CPU
		{911D2075-8F1C-43DF-9892-E71D139E4259}.Release|Mixed Platforms.Build.0 = Release|Any CPU
		{911D2075-8F1C-43DF-9892-E71D139E4259}.Release|x86.ActiveCfg = Release|Any CPU
		{911D2075-8F1C-43DF-9892-E71D139E4259}.SingleImage|Any CPU.ActiveCfg = Release|Any CPU
		{911D2075-8F1C-43DF-9892-E71D139E4259}.SingleImage|Any CPU.Build.0 = Release|Any CPU
		{911D2075-8F1C-43DF-9892-E71D139E4259}.SingleImage|Mixed Platforms.ActiveCfg = Release|Any CPU
		{911D2075-8F1C-43DF-9892-E71D139E4259}.SingleImage|Mixed Platforms.Build.0 = Release|Any CPU
		{911D2075-8F1C-43DF-9892-E71D139E4259}.SingleImage|x86.ActiveCfg = Release|Any CPU
		{728DDF5D-B15E-4B9E-BFE8-EA7C8BA85F2C}.Debug|Any CPU.ActiveCfg = Debug|Any CPU
		{728DDF5D-B15E-4B9E-BFE8-EA7C8BA85F2C}.Debug|Any CPU.Build.0 = Debug|Any CPU
		{728DDF5D-B15E-4B9E-BFE8-EA7C8BA85F2C}.Debug|Mixed Platforms.ActiveCfg = Debug|Any CPU
		{728DDF5D-B15E-4B9E-BFE8-EA7C8BA85F2C}.Debug|Mixed Platforms.Build.0 = Debug|Any CPU
		{728DDF5D-B15E-4B9E-BFE8-EA7C8BA85F2C}.Debug|x86.ActiveCfg = Debug|Any CPU
		{728DDF5D-B15E-4B9E-BFE8-EA7C8BA85F2C}.Release|Any CPU.ActiveCfg = Release|Any CPU
		{728DDF5D-B15E-4B9E-BFE8-EA7C8BA85F2C}.Release|Any CPU.Build.0 = Release|Any CPU
		{728DDF5D-B15E-4B9E-BFE8-EA7C8BA85F2C}.Release|Mixed Platforms.ActiveCfg = Release|Any CPU
		{728DDF5D-B15E-4B9E-BFE8-EA7C8BA85F2C}.Release|Mixed Platforms.Build.0 = Release|Any CPU
		{728DDF5D-B15E-4B9E-BFE8-EA7C8BA85F2C}.Release|x86.ActiveCfg = Release|Any CPU
		{728DDF5D-B15E-4B9E-BFE8-EA7C8BA85F2C}.SingleImage|Any CPU.ActiveCfg = Release|Any CPU
		{728DDF5D-B15E-4B9E-BFE8-EA7C8BA85F2C}.SingleImage|Any CPU.Build.0 = Release|Any CPU
		{728DDF5D-B15E-4B9E-BFE8-EA7C8BA85F2C}.SingleImage|Mixed Platforms.ActiveCfg = Release|Any CPU
		{728DDF5D-B15E-4B9E-BFE8-EA7C8BA85F2C}.SingleImage|Mixed Platforms.Build.0 = Release|Any CPU
		{728DDF5D-B15E-4B9E-BFE8-EA7C8BA85F2C}.SingleImage|x86.ActiveCfg = Release|Any CPU
		{27F035D7-3604-46A1-ACAB-FFF1BEB37315}.Debug|Any CPU.ActiveCfg = Debug|Any CPU
		{27F035D7-3604-46A1-ACAB-FFF1BEB37315}.Debug|Any CPU.Build.0 = Debug|Any CPU
		{27F035D7-3604-46A1-ACAB-FFF1BEB37315}.Debug|Mixed Platforms.ActiveCfg = Debug|Any CPU
		{27F035D7-3604-46A1-ACAB-FFF1BEB37315}.Debug|Mixed Platforms.Build.0 = Debug|Any CPU
		{27F035D7-3604-46A1-ACAB-FFF1BEB37315}.Debug|x86.ActiveCfg = Debug|Any CPU
		{27F035D7-3604-46A1-ACAB-FFF1BEB37315}.Release|Any CPU.ActiveCfg = Release|Any CPU
		{27F035D7-3604-46A1-ACAB-FFF1BEB37315}.Release|Any CPU.Build.0 = Release|Any CPU
		{27F035D7-3604-46A1-ACAB-FFF1BEB37315}.Release|Mixed Platforms.ActiveCfg = Release|Any CPU
		{27F035D7-3604-46A1-ACAB-FFF1BEB37315}.Release|Mixed Platforms.Build.0 = Release|Any CPU
		{27F035D7-3604-46A1-ACAB-FFF1BEB37315}.Release|x86.ActiveCfg = Release|Any CPU
		{27F035D7-3604-46A1-ACAB-FFF1BEB37315}.SingleImage|Any CPU.ActiveCfg = Release|Any CPU
		{27F035D7-3604-46A1-ACAB-FFF1BEB37315}.SingleImage|Any CPU.Build.0 = Release|Any CPU
		{27F035D7-3604-46A1-ACAB-FFF1BEB37315}.SingleImage|Mixed Platforms.ActiveCfg = Release|Any CPU
		{27F035D7-3604-46A1-ACAB-FFF1BEB37315}.SingleImage|Mixed Platforms.Build.0 = Release|Any CPU
		{27F035D7-3604-46A1-ACAB-FFF1BEB37315}.SingleImage|x86.ActiveCfg = Release|Any CPU
		{39B21CC8-5541-4226-A458-C99D8CA25539}.Debug|Any CPU.ActiveCfg = Debug|Any CPU
		{39B21CC8-5541-4226-A458-C99D8CA25539}.Debug|Any CPU.Build.0 = Debug|Any CPU
		{39B21CC8-5541-4226-A458-C99D8CA25539}.Debug|Mixed Platforms.ActiveCfg = Debug|Any CPU
		{39B21CC8-5541-4226-A458-C99D8CA25539}.Debug|Mixed Platforms.Build.0 = Debug|Any CPU
		{39B21CC8-5541-4226-A458-C99D8CA25539}.Debug|x86.ActiveCfg = Debug|Any CPU
		{39B21CC8-5541-4226-A458-C99D8CA25539}.Release|Any CPU.ActiveCfg = Release|Any CPU
		{39B21CC8-5541-4226-A458-C99D8CA25539}.Release|Any CPU.Build.0 = Release|Any CPU
		{39B21CC8-5541-4226-A458-C99D8CA25539}.Release|Mixed Platforms.ActiveCfg = Release|Any CPU
		{39B21CC8-5541-4226-A458-C99D8CA25539}.Release|Mixed Platforms.Build.0 = Release|Any CPU
		{39B21CC8-5541-4226-A458-C99D8CA25539}.Release|x86.ActiveCfg = Release|Any CPU
		{39B21CC8-5541-4226-A458-C99D8CA25539}.SingleImage|Any CPU.ActiveCfg = Release|Any CPU
		{39B21CC8-5541-4226-A458-C99D8CA25539}.SingleImage|Any CPU.Build.0 = Release|Any CPU
		{39B21CC8-5541-4226-A458-C99D8CA25539}.SingleImage|Mixed Platforms.ActiveCfg = Release|Any CPU
		{39B21CC8-5541-4226-A458-C99D8CA25539}.SingleImage|Mixed Platforms.Build.0 = Release|Any CPU
		{39B21CC8-5541-4226-A458-C99D8CA25539}.SingleImage|x86.ActiveCfg = Release|Any CPU
		{94FFC2A3-7686-4E99-87B4-98535F20C02C}.Debug|Any CPU.ActiveCfg = Debug|Any CPU
		{94FFC2A3-7686-4E99-87B4-98535F20C02C}.Debug|Any CPU.Build.0 = Debug|Any CPU
		{94FFC2A3-7686-4E99-87B4-98535F20C02C}.Debug|Mixed Platforms.ActiveCfg = Debug|Any CPU
		{94FFC2A3-7686-4E99-87B4-98535F20C02C}.Debug|Mixed Platforms.Build.0 = Debug|Any CPU
		{94FFC2A3-7686-4E99-87B4-98535F20C02C}.Debug|x86.ActiveCfg = Debug|Any CPU
		{94FFC2A3-7686-4E99-87B4-98535F20C02C}.Release|Any CPU.ActiveCfg = Release|Any CPU
		{94FFC2A3-7686-4E99-87B4-98535F20C02C}.Release|Any CPU.Build.0 = Release|Any CPU
		{94FFC2A3-7686-4E99-87B4-98535F20C02C}.Release|Mixed Platforms.ActiveCfg = Release|Any CPU
		{94FFC2A3-7686-4E99-87B4-98535F20C02C}.Release|Mixed Platforms.Build.0 = Release|Any CPU
		{94FFC2A3-7686-4E99-87B4-98535F20C02C}.Release|x86.ActiveCfg = Release|Any CPU
		{94FFC2A3-7686-4E99-87B4-98535F20C02C}.SingleImage|Any CPU.ActiveCfg = Release|Any CPU
		{94FFC2A3-7686-4E99-87B4-98535F20C02C}.SingleImage|Any CPU.Build.0 = Release|Any CPU
		{94FFC2A3-7686-4E99-87B4-98535F20C02C}.SingleImage|Mixed Platforms.ActiveCfg = Release|Any CPU
		{94FFC2A3-7686-4E99-87B4-98535F20C02C}.SingleImage|Mixed Platforms.Build.0 = Release|Any CPU
		{94FFC2A3-7686-4E99-87B4-98535F20C02C}.SingleImage|x86.ActiveCfg = Release|Any CPU
		{4411D6E4-243D-4CB2-BB25-89A4449DECD1}.Debug|Any CPU.ActiveCfg = Debug|Any CPU
		{4411D6E4-243D-4CB2-BB25-89A4449DECD1}.Debug|Any CPU.Build.0 = Debug|Any CPU
		{4411D6E4-243D-4CB2-BB25-89A4449DECD1}.Debug|Mixed Platforms.ActiveCfg = Debug|Any CPU
		{4411D6E4-243D-4CB2-BB25-89A4449DECD1}.Debug|Mixed Platforms.Build.0 = Debug|Any CPU
		{4411D6E4-243D-4CB2-BB25-89A4449DECD1}.Debug|x86.ActiveCfg = Debug|Any CPU
		{4411D6E4-243D-4CB2-BB25-89A4449DECD1}.Release|Any CPU.ActiveCfg = Release|Any CPU
		{4411D6E4-243D-4CB2-BB25-89A4449DECD1}.Release|Any CPU.Build.0 = Release|Any CPU
		{4411D6E4-243D-4CB2-BB25-89A4449DECD1}.Release|Mixed Platforms.ActiveCfg = Release|Any CPU
		{4411D6E4-243D-4CB2-BB25-89A4449DECD1}.Release|Mixed Platforms.Build.0 = Release|Any CPU
		{4411D6E4-243D-4CB2-BB25-89A4449DECD1}.Release|x86.ActiveCfg = Release|Any CPU
		{4411D6E4-243D-4CB2-BB25-89A4449DECD1}.SingleImage|Any CPU.ActiveCfg = Release|Any CPU
		{4411D6E4-243D-4CB2-BB25-89A4449DECD1}.SingleImage|Any CPU.Build.0 = Release|Any CPU
		{4411D6E4-243D-4CB2-BB25-89A4449DECD1}.SingleImage|Mixed Platforms.ActiveCfg = Release|Any CPU
		{4411D6E4-243D-4CB2-BB25-89A4449DECD1}.SingleImage|Mixed Platforms.Build.0 = Release|Any CPU
		{4411D6E4-243D-4CB2-BB25-89A4449DECD1}.SingleImage|x86.ActiveCfg = Release|Any CPU
		{23AAC4C9-53F3-4E80-9A45-19CABED3F7FA}.Debug|Any CPU.ActiveCfg = Debug|Any CPU
		{23AAC4C9-53F3-4E80-9A45-19CABED3F7FA}.Debug|Any CPU.Build.0 = Debug|Any CPU
		{23AAC4C9-53F3-4E80-9A45-19CABED3F7FA}.Debug|Mixed Platforms.ActiveCfg = Debug|Any CPU
		{23AAC4C9-53F3-4E80-9A45-19CABED3F7FA}.Debug|Mixed Platforms.Build.0 = Debug|Any CPU
		{23AAC4C9-53F3-4E80-9A45-19CABED3F7FA}.Debug|x86.ActiveCfg = Debug|Any CPU
		{23AAC4C9-53F3-4E80-9A45-19CABED3F7FA}.Release|Any CPU.ActiveCfg = Release|Any CPU
		{23AAC4C9-53F3-4E80-9A45-19CABED3F7FA}.Release|Any CPU.Build.0 = Release|Any CPU
		{23AAC4C9-53F3-4E80-9A45-19CABED3F7FA}.Release|Mixed Platforms.ActiveCfg = Release|Any CPU
		{23AAC4C9-53F3-4E80-9A45-19CABED3F7FA}.Release|Mixed Platforms.Build.0 = Release|Any CPU
		{23AAC4C9-53F3-4E80-9A45-19CABED3F7FA}.Release|x86.ActiveCfg = Release|Any CPU
		{23AAC4C9-53F3-4E80-9A45-19CABED3F7FA}.SingleImage|Any CPU.ActiveCfg = Release|Any CPU
		{23AAC4C9-53F3-4E80-9A45-19CABED3F7FA}.SingleImage|Any CPU.Build.0 = Release|Any CPU
		{23AAC4C9-53F3-4E80-9A45-19CABED3F7FA}.SingleImage|Mixed Platforms.ActiveCfg = Release|Any CPU
		{23AAC4C9-53F3-4E80-9A45-19CABED3F7FA}.SingleImage|Mixed Platforms.Build.0 = Release|Any CPU
		{23AAC4C9-53F3-4E80-9A45-19CABED3F7FA}.SingleImage|x86.ActiveCfg = Release|Any CPU
		{9710BBFE-1CF6-4657-B6C9-64937AA624B0}.Debug|Any CPU.ActiveCfg = Debug|Any CPU
		{9710BBFE-1CF6-4657-B6C9-64937AA624B0}.Debug|Any CPU.Build.0 = Debug|Any CPU
		{9710BBFE-1CF6-4657-B6C9-64937AA624B0}.Debug|Mixed Platforms.ActiveCfg = Debug|Any CPU
		{9710BBFE-1CF6-4657-B6C9-64937AA624B0}.Debug|Mixed Platforms.Build.0 = Debug|Any CPU
		{9710BBFE-1CF6-4657-B6C9-64937AA624B0}.Debug|x86.ActiveCfg = Debug|Any CPU
		{9710BBFE-1CF6-4657-B6C9-64937AA624B0}.Release|Any CPU.ActiveCfg = Release|Any CPU
		{9710BBFE-1CF6-4657-B6C9-64937AA624B0}.Release|Any CPU.Build.0 = Release|Any CPU
		{9710BBFE-1CF6-4657-B6C9-64937AA624B0}.Release|Mixed Platforms.ActiveCfg = Release|Any CPU
		{9710BBFE-1CF6-4657-B6C9-64937AA624B0}.Release|Mixed Platforms.Build.0 = Release|Any CPU
		{9710BBFE-1CF6-4657-B6C9-64937AA624B0}.Release|x86.ActiveCfg = Release|Any CPU
		{9710BBFE-1CF6-4657-B6C9-64937AA624B0}.SingleImage|Any CPU.ActiveCfg = Release|Any CPU
		{9710BBFE-1CF6-4657-B6C9-64937AA624B0}.SingleImage|Any CPU.Build.0 = Release|Any CPU
		{9710BBFE-1CF6-4657-B6C9-64937AA624B0}.SingleImage|Mixed Platforms.ActiveCfg = Release|Any CPU
		{9710BBFE-1CF6-4657-B6C9-64937AA624B0}.SingleImage|Mixed Platforms.Build.0 = Release|Any CPU
		{9710BBFE-1CF6-4657-B6C9-64937AA624B0}.SingleImage|x86.ActiveCfg = Release|Any CPU
		{27DA93BC-2FE0-45CF-A69D-C30662FBAE13}.Debug|Any CPU.ActiveCfg = Debug|Any CPU
		{27DA93BC-2FE0-45CF-A69D-C30662FBAE13}.Debug|Any CPU.Build.0 = Debug|Any CPU
		{27DA93BC-2FE0-45CF-A69D-C30662FBAE13}.Debug|Mixed Platforms.ActiveCfg = Debug|Any CPU
		{27DA93BC-2FE0-45CF-A69D-C30662FBAE13}.Debug|Mixed Platforms.Build.0 = Debug|Any CPU
		{27DA93BC-2FE0-45CF-A69D-C30662FBAE13}.Debug|x86.ActiveCfg = Debug|Any CPU
		{27DA93BC-2FE0-45CF-A69D-C30662FBAE13}.Release|Any CPU.ActiveCfg = Release|Any CPU
		{27DA93BC-2FE0-45CF-A69D-C30662FBAE13}.Release|Any CPU.Build.0 = Release|Any CPU
		{27DA93BC-2FE0-45CF-A69D-C30662FBAE13}.Release|Mixed Platforms.ActiveCfg = Release|Any CPU
		{27DA93BC-2FE0-45CF-A69D-C30662FBAE13}.Release|Mixed Platforms.Build.0 = Release|Any CPU
		{27DA93BC-2FE0-45CF-A69D-C30662FBAE13}.Release|x86.ActiveCfg = Release|Any CPU
		{27DA93BC-2FE0-45CF-A69D-C30662FBAE13}.SingleImage|Any CPU.ActiveCfg = Release|Any CPU
		{27DA93BC-2FE0-45CF-A69D-C30662FBAE13}.SingleImage|Any CPU.Build.0 = Release|Any CPU
		{27DA93BC-2FE0-45CF-A69D-C30662FBAE13}.SingleImage|Mixed Platforms.ActiveCfg = Release|Any CPU
		{27DA93BC-2FE0-45CF-A69D-C30662FBAE13}.SingleImage|Mixed Platforms.Build.0 = Release|Any CPU
		{27DA93BC-2FE0-45CF-A69D-C30662FBAE13}.SingleImage|x86.ActiveCfg = Release|Any CPU
	EndGlobalSection
	GlobalSection(SolutionProperties) = preSolution
		HideSolutionNode = FALSE
	EndGlobalSection
	GlobalSection(ExtensibilityGlobals) = postSolution
		SolutionGuid = {DCEF97C0-370D-43ED-AEE4-1396D0F2D505}
	EndGlobalSection
EndGlobal
